
Microsoft Visual Studio Solution File, Format Version 12.00
# Visual Studio Version 16
VisualStudioVersion = 16.0.32002.261
MinimumVisualStudioVersion = 10.0.40219.1
Project("{FAE04EC0-301F-11D3-BF4B-00C04F79EFBC}") = "Net Frame API", "Net Frame API\Net Frame API.csproj", "{6063FFAE-1AA8-45DA-BFED-9025444B81A9}"
EndProject
Project("{FAE04EC0-301F-11D3-BF4B-00C04F79EFBC}") = "FrontEndWebApp", "FrontEndWebApp\FrontEndWebApp.csproj", "{60827A72-875D-451D-86F1-9BFB76B8EA75}"
EndProject
Global
	GlobalSection(SolutionConfigurationPlatforms) = preSolution
		Debug|Any CPU = Debug|Any CPU
		Release|Any CPU = Release|Any CPU
	EndGlobalSection
	GlobalSection(ProjectConfigurationPlatforms) = postSolution
		{6063FFAE-1AA8-45DA-BFED-9025444B81A9}.Debug|Any CPU.ActiveCfg = Debug|Any CPU
		{6063FFAE-1AA8-45DA-BFED-9025444B81A9}.Debug|Any CPU.Build.0 = Debug|Any CPU
		{6063FFAE-1AA8-45DA-BFED-9025444B81A9}.Release|Any CPU.ActiveCfg = Release|Any CPU
		{6063FFAE-1AA8-45DA-BFED-9025444B81A9}.Release|Any CPU.Build.0 = Release|Any CPU
		{60827A72-875D-451D-86F1-9BFB76B8EA75}.Debug|Any CPU.ActiveCfg = Debug|Any CPU
		{60827A72-875D-451D-86F1-9BFB76B8EA75}.Debug|Any CPU.Build.0 = Debug|Any CPU
		{60827A72-875D-451D-86F1-9BFB76B8EA75}.Release|Any CPU.ActiveCfg = Release|Any CPU
		{60827A72-875D-451D-86F1-9BFB76B8EA75}.Release|Any CPU.Build.0 = Release|Any CPU
	EndGlobalSection
	GlobalSection(SolutionProperties) = preSolution
		HideSolutionNode = FALSE
	EndGlobalSection
	GlobalSection(ExtensibilityGlobals) = postSolution
		SolutionGuid = {F7B67D8B-3263-499B-9EC3-7151228EA4CB}
	EndGlobalSection
EndGlobal
